
Microsoft Visual Studio Solution File, Format Version 12.00
# Visual Studio Version 17
VisualStudioVersion = 17.11.35219.272
MinimumVisualStudioVersion = 10.0.40219.1
Project("{F184B08F-C81C-45F6-A57F-5ABD9991F28F}") = "finalproject(bookshop)", "finalproject(bookshop).vbproj", "{1A807BE5-77CA-498E-AE74-5AA0043014B7}"
EndProject
Global
	GlobalSection(SolutionConfigurationPlatforms) = preSolution
		Debug|Any CPU = Debug|Any CPU
		Release|Any CPU = Release|Any CPU
	EndGlobalSection
	GlobalSection(ProjectConfigurationPlatforms) = postSolution
		{1A807BE5-77CA-498E-AE74-5AA0043014B7}.Debug|Any CPU.ActiveCfg = Debug|Any CPU
		{1A807BE5-77CA-498E-AE74-5AA0043014B7}.Debug|Any CPU.Build.0 = Debug|Any CPU
		{1A807BE5-77CA-498E-AE74-5AA0043014B7}.Release|Any CPU.ActiveCfg = Release|Any CPU
		{1A807BE5-77CA-498E-AE74-5AA0043014B7}.Release|Any CPU.Build.0 = Release|Any CPU
	EndGlobalSection
	GlobalSection(SolutionProperties) = preSolution
		HideSolutionNode = FALSE
	EndGlobalSection
	GlobalSection(ExtensibilityGlobals) = postSolution
		SolutionGuid = {C6DF3E07-025E-4D09-831A-380ACA6CF5F3}
	EndGlobalSection
EndGlobal
